// !$*UTF8*$!
{
	archiveVersion = 1;
	classes = {
	};
	objectVersion = 56;
	objects = {

/* Begin PBXBuildFile section */
		E809159E29C82F160027AFC6 /* AppDelegate.swift in Sources */ = {isa = PBXBuildFile; fileRef = E809159D29C82F160027AFC6 /* AppDelegate.swift */; };
		E80915A029C82F160027AFC6 /* SceneDelegate.swift in Sources */ = {isa = PBXBuildFile; fileRef = E809159F29C82F160027AFC6 /* SceneDelegate.swift */; };
		E80915A229C82F160027AFC6 /* MainTabBarViewController.swift in Sources */ = {isa = PBXBuildFile; fileRef = E80915A129C82F160027AFC6 /* MainTabBarViewController.swift */; };
		E80915A729C82F170027AFC6 /* Assets.xcassets in Resources */ = {isa = PBXBuildFile; fileRef = E80915A629C82F170027AFC6 /* Assets.xcassets */; };
		E811E0282A245CA000C3D9C7 /* FooterLoadingCollectionReusableView.swift in Sources */ = {isa = PBXBuildFile; fileRef = E811E0272A245CA000C3D9C7 /* FooterLoadingCollectionReusableView.swift */; };
		E8184C8D2A20B8ED0052D2F6 /* CharacterDetailViewController.swift in Sources */ = {isa = PBXBuildFile; fileRef = E8184C8C2A20B8ED0052D2F6 /* CharacterDetailViewController.swift */; };
		E8184C8F2A20BBAF0052D2F6 /* CharacterDetailView.swift in Sources */ = {isa = PBXBuildFile; fileRef = E8184C8E2A20BBAF0052D2F6 /* CharacterDetailView.swift */; };
		E8184C912A20BBED0052D2F6 /* CharacterDetailViewViewModel.swift in Sources */ = {isa = PBXBuildFile; fileRef = E8184C902A20BBED0052D2F6 /* CharacterDetailViewViewModel.swift */; };
		E823E8D02A1DBF5500D53137 /* Service.swift in Sources */ = {isa = PBXBuildFile; fileRef = E823E8CF2A1DBF5500D53137 /* Service.swift */; };
		E823E8D22A1DBFF500D53137 /* Endpoint.swift in Sources */ = {isa = PBXBuildFile; fileRef = E823E8D12A1DBFF500D53137 /* Endpoint.swift */; };
		E823E8D42A1DC00A00D53137 /* Request.swift in Sources */ = {isa = PBXBuildFile; fileRef = E823E8D32A1DC00A00D53137 /* Request.swift */; };
		E83E29382A0DDED8005D55F7 /* Launch Screen.storyboard in Resources */ = {isa = PBXBuildFile; fileRef = E83E29372A0DDED8005D55F7 /* Launch Screen.storyboard */; };
		E83E29412A0DE008005D55F7 /* CharacterViewController.swift in Sources */ = {isa = PBXBuildFile; fileRef = E83E29402A0DE008005D55F7 /* CharacterViewController.swift */; };
		E83E29432A0DE026005D55F7 /* LocationViewController.swift in Sources */ = {isa = PBXBuildFile; fileRef = E83E29422A0DE026005D55F7 /* LocationViewController.swift */; };
		E83E29452A0DE03A005D55F7 /* EpisodeViewController.swift in Sources */ = {isa = PBXBuildFile; fileRef = E83E29442A0DE03A005D55F7 /* EpisodeViewController.swift */; };
		E83E29472A0DE04B005D55F7 /* SettingViewController.swift in Sources */ = {isa = PBXBuildFile; fileRef = E83E29462A0DE04B005D55F7 /* SettingViewController.swift */; };
		E852B7C32A1E10270021F499 /* Character.swift in Sources */ = {isa = PBXBuildFile; fileRef = E852B7C22A1E10270021F499 /* Character.swift */; };
		E852B7C52A1E140F0021F499 /* CharacterGender.swift in Sources */ = {isa = PBXBuildFile; fileRef = E852B7C42A1E140F0021F499 /* CharacterGender.swift */; };
		E852B7C72A1E141D0021F499 /* CharacterStatus.swift in Sources */ = {isa = PBXBuildFile; fileRef = E852B7C62A1E141D0021F499 /* CharacterStatus.swift */; };
		E852B7C92A1E142C0021F499 /* Episode.swift in Sources */ = {isa = PBXBuildFile; fileRef = E852B7C82A1E142C0021F499 /* Episode.swift */; };
		E852B7CB2A1E14360021F499 /* Location.swift in Sources */ = {isa = PBXBuildFile; fileRef = E852B7CA2A1E14360021F499 /* Location.swift */; };
		E852B7CD2A1E14400021F499 /* Origin.swift in Sources */ = {isa = PBXBuildFile; fileRef = E852B7CC2A1E14400021F499 /* Origin.swift */; };
		E852B7CF2A1E144F0021F499 /* SingleLocation.swift in Sources */ = {isa = PBXBuildFile; fileRef = E852B7CE2A1E144F0021F499 /* SingleLocation.swift */; };
		E852B7D32A1E19680021F499 /* GetAllCharactersResponse.swift in Sources */ = {isa = PBXBuildFile; fileRef = E852B7D22A1E19680021F499 /* GetAllCharactersResponse.swift */; };
		E852B7D52A1E1BE50021F499 /* CharacterListViewViewModel.swift in Sources */ = {isa = PBXBuildFile; fileRef = E852B7D42A1E1BE50021F499 /* CharacterListViewViewModel.swift */; };
		E852B7D72A1E1C6D0021F499 /* CharacterListView.swift in Sources */ = {isa = PBXBuildFile; fileRef = E852B7D62A1E1C6D0021F499 /* CharacterListView.swift */; };
		E852B7D92A1E22DB0021F499 /* Extensions.swift in Sources */ = {isa = PBXBuildFile; fileRef = E852B7D82A1E22DA0021F499 /* Extensions.swift */; };
		E8695E0D2A1F36E200231D81 /* CharacterCollectionViewCell.swift in Sources */ = {isa = PBXBuildFile; fileRef = E8695E0C2A1F36E200231D81 /* CharacterCollectionViewCell.swift */; };
		E8695E0F2A1F380A00231D81 /* CharacterCollectionViewCellViewModel.swift in Sources */ = {isa = PBXBuildFile; fileRef = E8695E0E2A1F380A00231D81 /* CharacterCollectionViewCellViewModel.swift */; };
/* End PBXBuildFile section */

/* Begin PBXFileReference section */
		E809159A29C82F160027AFC6 /* LearnUIKit.app */ = {isa = PBXFileReference; explicitFileType = wrapper.application; includeInIndex = 0; path = LearnUIKit.app; sourceTree = BUILT_PRODUCTS_DIR; };
		E809159D29C82F160027AFC6 /* AppDelegate.swift */ = {isa = PBXFileReference; lastKnownFileType = sourcecode.swift; path = AppDelegate.swift; sourceTree = "<group>"; };
		E809159F29C82F160027AFC6 /* SceneDelegate.swift */ = {isa = PBXFileReference; lastKnownFileType = sourcecode.swift; path = SceneDelegate.swift; sourceTree = "<group>"; };
		E80915A129C82F160027AFC6 /* MainTabBarViewController.swift */ = {isa = PBXFileReference; lastKnownFileType = sourcecode.swift; path = MainTabBarViewController.swift; sourceTree = "<group>"; };
		E80915A629C82F170027AFC6 /* Assets.xcassets */ = {isa = PBXFileReference; lastKnownFileType = folder.assetcatalog; path = Assets.xcassets; sourceTree = "<group>"; };
		E80915AB29C82F170027AFC6 /* Info.plist */ = {isa = PBXFileReference; lastKnownFileType = text.plist.xml; path = Info.plist; sourceTree = "<group>"; };
		E811E0272A245CA000C3D9C7 /* FooterLoadingCollectionReusableView.swift */ = {isa = PBXFileReference; lastKnownFileType = sourcecode.swift; path = FooterLoadingCollectionReusableView.swift; sourceTree = "<group>"; };
		E8184C8C2A20B8ED0052D2F6 /* CharacterDetailViewController.swift */ = {isa = PBXFileReference; lastKnownFileType = sourcecode.swift; path = CharacterDetailViewController.swift; sourceTree = "<group>"; };
		E8184C8E2A20BBAF0052D2F6 /* CharacterDetailView.swift */ = {isa = PBXFileReference; lastKnownFileType = sourcecode.swift; path = CharacterDetailView.swift; sourceTree = "<group>"; };
		E8184C902A20BBED0052D2F6 /* CharacterDetailViewViewModel.swift */ = {isa = PBXFileReference; lastKnownFileType = sourcecode.swift; path = CharacterDetailViewViewModel.swift; sourceTree = "<group>"; };
		E823E8CF2A1DBF5500D53137 /* Service.swift */ = {isa = PBXFileReference; lastKnownFileType = sourcecode.swift; path = Service.swift; sourceTree = "<group>"; };
		E823E8D12A1DBFF500D53137 /* Endpoint.swift */ = {isa = PBXFileReference; lastKnownFileType = sourcecode.swift; path = Endpoint.swift; sourceTree = "<group>"; };
		E823E8D32A1DC00A00D53137 /* Request.swift */ = {isa = PBXFileReference; lastKnownFileType = sourcecode.swift; path = Request.swift; sourceTree = "<group>"; };
		E83E29372A0DDED8005D55F7 /* Launch Screen.storyboard */ = {isa = PBXFileReference; lastKnownFileType = file.storyboard; path = "Launch Screen.storyboard"; sourceTree = "<group>"; };
		E83E29402A0DE008005D55F7 /* CharacterViewController.swift */ = {isa = PBXFileReference; lastKnownFileType = sourcecode.swift; name = CharacterViewController.swift; path = LearnUIKit/Resources/CharacterViewController.swift; sourceTree = SOURCE_ROOT; };
		E83E29422A0DE026005D55F7 /* LocationViewController.swift */ = {isa = PBXFileReference; lastKnownFileType = sourcecode.swift; name = LocationViewController.swift; path = LearnUIKit/Resources/LocationViewController.swift; sourceTree = SOURCE_ROOT; };
		E83E29442A0DE03A005D55F7 /* EpisodeViewController.swift */ = {isa = PBXFileReference; lastKnownFileType = sourcecode.swift; name = EpisodeViewController.swift; path = LearnUIKit/Resources/EpisodeViewController.swift; sourceTree = SOURCE_ROOT; };
		E83E29462A0DE04B005D55F7 /* SettingViewController.swift */ = {isa = PBXFileReference; lastKnownFileType = sourcecode.swift; name = SettingViewController.swift; path = LearnUIKit/Resources/SettingViewController.swift; sourceTree = SOURCE_ROOT; };
		E852B7C22A1E10270021F499 /* Character.swift */ = {isa = PBXFileReference; lastKnownFileType = sourcecode.swift; path = Character.swift; sourceTree = "<group>"; };
		E852B7C42A1E140F0021F499 /* CharacterGender.swift */ = {isa = PBXFileReference; lastKnownFileType = sourcecode.swift; path = CharacterGender.swift; sourceTree = "<group>"; };
		E852B7C62A1E141D0021F499 /* CharacterStatus.swift */ = {isa = PBXFileReference; lastKnownFileType = sourcecode.swift; path = CharacterStatus.swift; sourceTree = "<group>"; };
		E852B7C82A1E142C0021F499 /* Episode.swift */ = {isa = PBXFileReference; lastKnownFileType = sourcecode.swift; path = Episode.swift; sourceTree = "<group>"; };
		E852B7CA2A1E14360021F499 /* Location.swift */ = {isa = PBXFileReference; lastKnownFileType = sourcecode.swift; path = Location.swift; sourceTree = "<group>"; };
		E852B7CC2A1E14400021F499 /* Origin.swift */ = {isa = PBXFileReference; lastKnownFileType = sourcecode.swift; path = Origin.swift; sourceTree = "<group>"; };
		E852B7CE2A1E144F0021F499 /* SingleLocation.swift */ = {isa = PBXFileReference; lastKnownFileType = sourcecode.swift; path = SingleLocation.swift; sourceTree = "<group>"; };
		E852B7D22A1E19680021F499 /* GetAllCharactersResponse.swift */ = {isa = PBXFileReference; lastKnownFileType = sourcecode.swift; path = GetAllCharactersResponse.swift; sourceTree = "<group>"; };
		E852B7D42A1E1BE50021F499 /* CharacterListViewViewModel.swift */ = {isa = PBXFileReference; lastKnownFileType = sourcecode.swift; path = CharacterListViewViewModel.swift; sourceTree = "<group>"; };
		E852B7D62A1E1C6D0021F499 /* CharacterListView.swift */ = {isa = PBXFileReference; lastKnownFileType = sourcecode.swift; path = CharacterListView.swift; sourceTree = "<group>"; };
		E852B7D82A1E22DA0021F499 /* Extensions.swift */ = {isa = PBXFileReference; lastKnownFileType = sourcecode.swift; path = Extensions.swift; sourceTree = "<group>"; };
		E8695E0C2A1F36E200231D81 /* CharacterCollectionViewCell.swift */ = {isa = PBXFileReference; lastKnownFileType = sourcecode.swift; path = CharacterCollectionViewCell.swift; sourceTree = "<group>"; };
		E8695E0E2A1F380A00231D81 /* CharacterCollectionViewCellViewModel.swift */ = {isa = PBXFileReference; lastKnownFileType = sourcecode.swift; path = CharacterCollectionViewCellViewModel.swift; sourceTree = "<group>"; };
/* End PBXFileReference section */

/* Begin PBXFrameworksBuildPhase section */
		E809159729C82F160027AFC6 /* Frameworks */ = {
			isa = PBXFrameworksBuildPhase;
			buildActionMask = 2147483647;
			files = (
			);
			runOnlyForDeploymentPostprocessing = 0;
		};
/* End PBXFrameworksBuildPhase section */

/* Begin PBXGroup section */
		E809159129C82F160027AFC6 = {
			isa = PBXGroup;
			children = (
				E809159C29C82F160027AFC6 /* LearnUIKit */,
				E809159B29C82F160027AFC6 /* Products */,
			);
			sourceTree = "<group>";
		};
		E809159B29C82F160027AFC6 /* Products */ = {
			isa = PBXGroup;
			children = (
				E809159A29C82F160027AFC6 /* LearnUIKit.app */,
			);
			name = Products;
			sourceTree = "<group>";
		};
		E809159C29C82F160027AFC6 /* LearnUIKit */ = {
			isa = PBXGroup;
			children = (
				E823E8CE2A1DBF3500D53137 /* APIClient */,
				E83E293D2A0DDFA6005D55F7 /* ViewModels */,
				E83E293C2A0DDF9A005D55F7 /* Views */,
				E83E293B2A0DDF8E005D55F7 /* Models */,
				E83E293A2A0DDF6E005D55F7 /* Controllers */,
				E8FAF8052A0DDE5600A0D55D /* Resources */,
				E80915AB29C82F170027AFC6 /* Info.plist */,
			);
			path = LearnUIKit;
			sourceTree = "<group>";
		};
		E8184C8B2A20B8BB0052D2F6 /* Others */ = {
			isa = PBXGroup;
			children = (
				E8184C8C2A20B8ED0052D2F6 /* CharacterDetailViewController.swift */,
			);
			path = Others;
			sourceTree = "<group>";
		};
		E823E8CE2A1DBF3500D53137 /* APIClient */ = {
			isa = PBXGroup;
			children = (
				E823E8CF2A1DBF5500D53137 /* Service.swift */,
				E823E8D12A1DBFF500D53137 /* Endpoint.swift */,
				E823E8D32A1DC00A00D53137 /* Request.swift */,
			);
			path = APIClient;
			sourceTree = "<group>";
		};
		E83E293A2A0DDF6E005D55F7 /* Controllers */ = {
			isa = PBXGroup;
			children = (
				E8184C8B2A20B8BB0052D2F6 /* Others */,
				E83E293F2A0DDFE1005D55F7 /* Cores */,
			);
			path = Controllers;
			sourceTree = "<group>";
		};
		E83E293B2A0DDF8E005D55F7 /* Models */ = {
			isa = PBXGroup;
			children = (
				E852B7D12A1E194D0021F499 /* ResponseTypes */,
				E852B7D02A1E187E0021F499 /* DataTypes */,
			);
			path = Models;
			sourceTree = "<group>";
		};
		E83E293C2A0DDF9A005D55F7 /* Views */ = {
			isa = PBXGroup;
			children = (
				E852B7D62A1E1C6D0021F499 /* CharacterListView.swift */,
				E8695E0C2A1F36E200231D81 /* CharacterCollectionViewCell.swift */,
				E8184C8E2A20BBAF0052D2F6 /* CharacterDetailView.swift */,
				E811E0272A245CA000C3D9C7 /* FooterLoadingCollectionReusableView.swift */,
			);
			path = Views;
			sourceTree = "<group>";
		};
		E83E293D2A0DDFA6005D55F7 /* ViewModels */ = {
			isa = PBXGroup;
			children = (
				E852B7D42A1E1BE50021F499 /* CharacterListViewViewModel.swift */,
				E8695E0E2A1F380A00231D81 /* CharacterCollectionViewCellViewModel.swift */,
				E8184C902A20BBED0052D2F6 /* CharacterDetailViewViewModel.swift */,
			);
			path = ViewModels;
			sourceTree = "<group>";
		};
		E83E293F2A0DDFE1005D55F7 /* Cores */ = {
			isa = PBXGroup;
			children = (
				E80915A129C82F160027AFC6 /* MainTabBarViewController.swift */,
				E83E29402A0DE008005D55F7 /* CharacterViewController.swift */,
				E83E29422A0DE026005D55F7 /* LocationViewController.swift */,
				E83E29442A0DE03A005D55F7 /* EpisodeViewController.swift */,
				E83E29462A0DE04B005D55F7 /* SettingViewController.swift */,
			);
			path = Cores;
			sourceTree = "<group>";
		};
		E852B7D02A1E187E0021F499 /* DataTypes */ = {
			isa = PBXGroup;
			children = (
				E852B7C22A1E10270021F499 /* Character.swift */,
				E852B7C42A1E140F0021F499 /* CharacterGender.swift */,
				E852B7C62A1E141D0021F499 /* CharacterStatus.swift */,
				E852B7C82A1E142C0021F499 /* Episode.swift */,
				E852B7CA2A1E14360021F499 /* Location.swift */,
				E852B7CC2A1E14400021F499 /* Origin.swift */,
				E852B7CE2A1E144F0021F499 /* SingleLocation.swift */,
			);
			path = DataTypes;
			sourceTree = "<group>";
		};
		E852B7D12A1E194D0021F499 /* ResponseTypes */ = {
			isa = PBXGroup;
			children = (
				E852B7D22A1E19680021F499 /* GetAllCharactersResponse.swift */,
			);
			path = ResponseTypes;
			sourceTree = "<group>";
		};
		E8FAF8052A0DDE5600A0D55D /* Resources */ = {
			isa = PBXGroup;
			children = (
				E809159F29C82F160027AFC6 /* SceneDelegate.swift */,
				E809159D29C82F160027AFC6 /* AppDelegate.swift */,
				E80915A629C82F170027AFC6 /* Assets.xcassets */,
				E83E29372A0DDED8005D55F7 /* Launch Screen.storyboard */,
				E852B7D82A1E22DA0021F499 /* Extensions.swift */,
			);
			path = Resources;
			sourceTree = "<group>";
		};
/* End PBXGroup section */

/* Begin PBXNativeTarget section */
		E809159929C82F160027AFC6 /* LearnUIKit */ = {
			isa = PBXNativeTarget;
			buildConfigurationList = E80915AE29C82F170027AFC6 /* Build configuration list for PBXNativeTarget "LearnUIKit" */;
			buildPhases = (
				E809159629C82F160027AFC6 /* Sources */,
				E809159729C82F160027AFC6 /* Frameworks */,
				E809159829C82F160027AFC6 /* Resources */,
			);
			buildRules = (
			);
			dependencies = (
			);
			name = LearnUIKit;
			productName = LearnUIKit;
			productReference = E809159A29C82F160027AFC6 /* LearnUIKit.app */;
			productType = "com.apple.product-type.application";
		};
/* End PBXNativeTarget section */

/* Begin PBXProject section */
		E809159229C82F160027AFC6 /* Project object */ = {
			isa = PBXProject;
			attributes = {
				BuildIndependentTargetsInParallel = 1;
				LastSwiftUpdateCheck = 1410;
				LastUpgradeCheck = 1410;
				TargetAttributes = {
					E809159929C82F160027AFC6 = {
						CreatedOnToolsVersion = 14.1;
					};
				};
			};
			buildConfigurationList = E809159529C82F160027AFC6 /* Build configuration list for PBXProject "LearnUIKit" */;
			compatibilityVersion = "Xcode 14.0";
			developmentRegion = en;
			hasScannedForEncodings = 0;
			knownRegions = (
				en,
				Base,
			);
			mainGroup = E809159129C82F160027AFC6;
			productRefGroup = E809159B29C82F160027AFC6 /* Products */;
			projectDirPath = "";
			projectRoot = "";
			targets = (
				E809159929C82F160027AFC6 /* LearnUIKit */,
			);
		};
/* End PBXProject section */

/* Begin PBXResourcesBuildPhase section */
		E809159829C82F160027AFC6 /* Resources */ = {
			isa = PBXResourcesBuildPhase;
			buildActionMask = 2147483647;
			files = (
				E83E29382A0DDED8005D55F7 /* Launch Screen.storyboard in Resources */,
				E80915A729C82F170027AFC6 /* Assets.xcassets in Resources */,
			);
			runOnlyForDeploymentPostprocessing = 0;
		};
/* End PBXResourcesBuildPhase section */

/* Begin PBXSourcesBuildPhase section */
		E809159629C82F160027AFC6 /* Sources */ = {
			isa = PBXSourcesBuildPhase;
			buildActionMask = 2147483647;
			files = (
				E83E29432A0DE026005D55F7 /* LocationViewController.swift in Sources */,
				E823E8D22A1DBFF500D53137 /* Endpoint.swift in Sources */,
				E852B7D72A1E1C6D0021F499 /* CharacterListView.swift in Sources */,
				E852B7C72A1E141D0021F499 /* CharacterStatus.swift in Sources */,
				E852B7C32A1E10270021F499 /* Character.swift in Sources */,
				E823E8D02A1DBF5500D53137 /* Service.swift in Sources */,
				E852B7D32A1E19680021F499 /* GetAllCharactersResponse.swift in Sources */,
				E83E29412A0DE008005D55F7 /* CharacterViewController.swift in Sources */,
				E80915A229C82F160027AFC6 /* MainTabBarViewController.swift in Sources */,
				E852B7CB2A1E14360021F499 /* Location.swift in Sources */,
				E809159E29C82F160027AFC6 /* AppDelegate.swift in Sources */,
				E852B7CF2A1E144F0021F499 /* SingleLocation.swift in Sources */,
				E83E29452A0DE03A005D55F7 /* EpisodeViewController.swift in Sources */,
				E8184C8D2A20B8ED0052D2F6 /* CharacterDetailViewController.swift in Sources */,
				E8695E0F2A1F380A00231D81 /* CharacterCollectionViewCellViewModel.swift in Sources */,
				E852B7D92A1E22DB0021F499 /* Extensions.swift in Sources */,
				E852B7C92A1E142C0021F499 /* Episode.swift in Sources */,
				E823E8D42A1DC00A00D53137 /* Request.swift in Sources */,
				E83E29472A0DE04B005D55F7 /* SettingViewController.swift in Sources */,
				E811E0282A245CA000C3D9C7 /* FooterLoadingCollectionReusableView.swift in Sources */,
				E852B7C52A1E140F0021F499 /* CharacterGender.swift in Sources */,
				E8184C8F2A20BBAF0052D2F6 /* CharacterDetailView.swift in Sources */,
				E80915A029C82F160027AFC6 /* SceneDelegate.swift in Sources */,
				E852B7D52A1E1BE50021F499 /* CharacterListViewViewModel.swift in Sources */,
				E8695E0D2A1F36E200231D81 /* CharacterCollectionViewCell.swift in Sources */,
				E8184C912A20BBED0052D2F6 /* CharacterDetailViewViewModel.swift in Sources */,
				E852B7CD2A1E14400021F499 /* Origin.swift in Sources */,
			);
			runOnlyForDeploymentPostprocessing = 0;
		};
/* End PBXSourcesBuildPhase section */

/* Begin XCBuildConfiguration section */
		E80915AC29C82F170027AFC6 /* Debug */ = {
			isa = XCBuildConfiguration;
			buildSettings = {
				ALWAYS_SEARCH_USER_PATHS = NO;
				CLANG_ANALYZER_NONNULL = YES;
				CLANG_ANALYZER_NUMBER_OBJECT_CONVERSION = YES_AGGRESSIVE;
				CLANG_CXX_LANGUAGE_STANDARD = "gnu++20";
				CLANG_ENABLE_MODULES = YES;
				CLANG_ENABLE_OBJC_ARC = YES;
				CLANG_ENABLE_OBJC_WEAK = YES;
				CLANG_WARN_BLOCK_CAPTURE_AUTORELEASING = YES;
				CLANG_WARN_BOOL_CONVERSION = YES;
				CLANG_WARN_COMMA = YES;
				CLANG_WARN_CONSTANT_CONVERSION = YES;
				CLANG_WARN_DEPRECATED_OBJC_IMPLEMENTATIONS = YES;
				CLANG_WARN_DIRECT_OBJC_ISA_USAGE = YES_ERROR;
				CLANG_WARN_DOCUMENTATION_COMMENTS = YES;
				CLANG_WARN_EMPTY_BODY = YES;
				CLANG_WARN_ENUM_CONVERSION = YES;
				CLANG_WARN_INFINITE_RECURSION = YES;
				CLANG_WARN_INT_CONVERSION = YES;
				CLANG_WARN_NON_LITERAL_NULL_CONVERSION = YES;
				CLANG_WARN_OBJC_IMPLICIT_RETAIN_SELF = YES;
				CLANG_WARN_OBJC_LITERAL_CONVERSION = YES;
				CLANG_WARN_OBJC_ROOT_CLASS = YES_ERROR;
				CLANG_WARN_QUOTED_INCLUDE_IN_FRAMEWORK_HEADER = YES;
				CLANG_WARN_RANGE_LOOP_ANALYSIS = YES;
				CLANG_WARN_STRICT_PROTOTYPES = YES;
				CLANG_WARN_SUSPICIOUS_MOVE = YES;
				CLANG_WARN_UNGUARDED_AVAILABILITY = YES_AGGRESSIVE;
				CLANG_WARN_UNREACHABLE_CODE = YES;
				CLANG_WARN__DUPLICATE_METHOD_MATCH = YES;
				COPY_PHASE_STRIP = NO;
				DEBUG_INFORMATION_FORMAT = dwarf;
				ENABLE_STRICT_OBJC_MSGSEND = YES;
				ENABLE_TESTABILITY = YES;
				GCC_C_LANGUAGE_STANDARD = gnu11;
				GCC_DYNAMIC_NO_PIC = NO;
				GCC_NO_COMMON_BLOCKS = YES;
				GCC_OPTIMIZATION_LEVEL = 0;
				GCC_PREPROCESSOR_DEFINITIONS = (
					"DEBUG=1",
					"$(inherited)",
				);
				GCC_WARN_64_TO_32_BIT_CONVERSION = YES;
				GCC_WARN_ABOUT_RETURN_TYPE = YES_ERROR;
				GCC_WARN_UNDECLARED_SELECTOR = YES;
				GCC_WARN_UNINITIALIZED_AUTOS = YES_AGGRESSIVE;
				GCC_WARN_UNUSED_FUNCTION = YES;
				GCC_WARN_UNUSED_VARIABLE = YES;
				IPHONEOS_DEPLOYMENT_TARGET = 16.1;
				MTL_ENABLE_DEBUG_INFO = INCLUDE_SOURCE;
				MTL_FAST_MATH = YES;
				ONLY_ACTIVE_ARCH = YES;
				SDKROOT = iphoneos;
				SWIFT_ACTIVE_COMPILATION_CONDITIONS = DEBUG;
				SWIFT_OPTIMIZATION_LEVEL = "-Onone";
			};
			name = Debug;
		};
		E80915AD29C82F170027AFC6 /* Release */ = {
			isa = XCBuildConfiguration;
			buildSettings = {
				ALWAYS_SEARCH_USER_PATHS = NO;
				CLANG_ANALYZER_NONNULL = YES;
				CLANG_ANALYZER_NUMBER_OBJECT_CONVERSION = YES_AGGRESSIVE;
				CLANG_CXX_LANGUAGE_STANDARD = "gnu++20";
				CLANG_ENABLE_MODULES = YES;
				CLANG_ENABLE_OBJC_ARC = YES;
				CLANG_ENABLE_OBJC_WEAK = YES;
				CLANG_WARN_BLOCK_CAPTURE_AUTORELEASING = YES;
				CLANG_WARN_BOOL_CONVERSION = YES;
				CLANG_WARN_COMMA = YES;
				CLANG_WARN_CONSTANT_CONVERSION = YES;
				CLANG_WARN_DEPRECATED_OBJC_IMPLEMENTATIONS = YES;
				CLANG_WARN_DIRECT_OBJC_ISA_USAGE = YES_ERROR;
				CLANG_WARN_DOCUMENTATION_COMMENTS = YES;
				CLANG_WARN_EMPTY_BODY = YES;
				CLANG_WARN_ENUM_CONVERSION = YES;
				CLANG_WARN_INFINITE_RECURSION = YES;
				CLANG_WARN_INT_CONVERSION = YES;
				CLANG_WARN_NON_LITERAL_NULL_CONVERSION = YES;
				CLANG_WARN_OBJC_IMPLICIT_RETAIN_SELF = YES;
				CLANG_WARN_OBJC_LITERAL_CONVERSION = YES;
				CLANG_WARN_OBJC_ROOT_CLASS = YES_ERROR;
				CLANG_WARN_QUOTED_INCLUDE_IN_FRAMEWORK_HEADER = YES;
				CLANG_WARN_RANGE_LOOP_ANALYSIS = YES;
				CLANG_WARN_STRICT_PROTOTYPES = YES;
				CLANG_WARN_SUSPICIOUS_MOVE = YES;
				CLANG_WARN_UNGUARDED_AVAILABILITY = YES_AGGRESSIVE;
				CLANG_WARN_UNREACHABLE_CODE = YES;
				CLANG_WARN__DUPLICATE_METHOD_MATCH = YES;
				COPY_PHASE_STRIP = NO;
				DEBUG_INFORMATION_FORMAT = "dwarf-with-dsym";
				ENABLE_NS_ASSERTIONS = NO;
				ENABLE_STRICT_OBJC_MSGSEND = YES;
				GCC_C_LANGUAGE_STANDARD = gnu11;
				GCC_NO_COMMON_BLOCKS = YES;
				GCC_WARN_64_TO_32_BIT_CONVERSION = YES;
				GCC_WARN_ABOUT_RETURN_TYPE = YES_ERROR;
				GCC_WARN_UNDECLARED_SELECTOR = YES;
				GCC_WARN_UNINITIALIZED_AUTOS = YES_AGGRESSIVE;
				GCC_WARN_UNUSED_FUNCTION = YES;
				GCC_WARN_UNUSED_VARIABLE = YES;
				IPHONEOS_DEPLOYMENT_TARGET = 16.1;
				MTL_ENABLE_DEBUG_INFO = NO;
				MTL_FAST_MATH = YES;
				SDKROOT = iphoneos;
				SWIFT_COMPILATION_MODE = wholemodule;
				SWIFT_OPTIMIZATION_LEVEL = "-O";
				VALIDATE_PRODUCT = YES;
			};
			name = Release;
		};
		E80915AF29C82F170027AFC6 /* Debug */ = {
			isa = XCBuildConfiguration;
			buildSettings = {
				ASSETCATALOG_COMPILER_APPICON_NAME = AppIcon;
				ASSETCATALOG_COMPILER_GLOBAL_ACCENT_COLOR_NAME = AccentColor;
				CODE_SIGN_STYLE = Automatic;
				CURRENT_PROJECT_VERSION = 1;
				DEVELOPMENT_TEAM = YA258V26LS;
				GENERATE_INFOPLIST_FILE = YES;
				INFOPLIST_FILE = LearnUIKit/Info.plist;
				INFOPLIST_KEY_UIApplicationSupportsIndirectInputEvents = YES;
				INFOPLIST_KEY_UILaunchStoryboardName = LaunchScreen;
				INFOPLIST_KEY_UISupportedInterfaceOrientations_iPad = "UIInterfaceOrientationPortrait UIInterfaceOrientationPortraitUpsideDown UIInterfaceOrientationLandscapeLeft UIInterfaceOrientationLandscapeRight";
				INFOPLIST_KEY_UISupportedInterfaceOrientations_iPhone = "UIInterfaceOrientationPortrait UIInterfaceOrientationLandscapeLeft UIInterfaceOrientationLandscapeRight";
				LD_RUNPATH_SEARCH_PATHS = (
					"$(inherited)",
					"@executable_path/Frameworks",
				);
				MARKETING_VERSION = 1.0;
				PRODUCT_BUNDLE_IDENTIFIER = ducdo.LearnUIKit;
				PRODUCT_NAME = "$(TARGET_NAME)";
				SWIFT_EMIT_LOC_STRINGS = YES;
				SWIFT_VERSION = 5.0;
				TARGETED_DEVICE_FAMILY = "1,2";
			};
			name = Debug;
		};
		E80915B029C82F170027AFC6 /* Release */ = {
			isa = XCBuildConfiguration;
			buildSettings = {
				ASSETCATALOG_COMPILER_APPICON_NAME = AppIcon;
				ASSETCATALOG_COMPILER_GLOBAL_ACCENT_COLOR_NAME = AccentColor;
				CODE_SIGN_STYLE = Automatic;
				CURRENT_PROJECT_VERSION = 1;
				DEVELOPMENT_TEAM = YA258V26LS;
				GENERATE_INFOPLIST_FILE = YES;
				INFOPLIST_FILE = LearnUIKit/Info.plist;
				INFOPLIST_KEY_UIApplicationSupportsIndirectInputEvents = YES;
				INFOPLIST_KEY_UILaunchStoryboardName = LaunchScreen;
				INFOPLIST_KEY_UISupportedInterfaceOrientations_iPad = "UIInterfaceOrientationPortrait UIInterfaceOrientationPortraitUpsideDown UIInterfaceOrientationLandscapeLeft UIInterfaceOrientationLandscapeRight";
				INFOPLIST_KEY_UISupportedInterfaceOrientations_iPhone = "UIInterfaceOrientationPortrait UIInterfaceOrientationLandscapeLeft UIInterfaceOrientationLandscapeRight";
				LD_RUNPATH_SEARCH_PATHS = (
					"$(inherited)",
					"@executable_path/Frameworks",
				);
				MARKETING_VERSION = 1.0;
				PRODUCT_BUNDLE_IDENTIFIER = ducdo.LearnUIKit;
				PRODUCT_NAME = "$(TARGET_NAME)";
				SWIFT_EMIT_LOC_STRINGS = YES;
				SWIFT_VERSION = 5.0;
				TARGETED_DEVICE_FAMILY = "1,2";
			};
			name = Release;
		};
/* End XCBuildConfiguration section */

/* Begin XCConfigurationList section */
		E809159529C82F160027AFC6 /* Build configuration list for PBXProject "LearnUIKit" */ = {
			isa = XCConfigurationList;
			buildConfigurations = (
				E80915AC29C82F170027AFC6 /* Debug */,
				E80915AD29C82F170027AFC6 /* Release */,
			);
			defaultConfigurationIsVisible = 0;
			defaultConfigurationName = Release;
		};
		E80915AE29C82F170027AFC6 /* Build configuration list for PBXNativeTarget "LearnUIKit" */ = {
			isa = XCConfigurationList;
			buildConfigurations = (
				E80915AF29C82F170027AFC6 /* Debug */,
				E80915B029C82F170027AFC6 /* Release */,
			);
			defaultConfigurationIsVisible = 0;
			defaultConfigurationName = Release;
		};
/* End XCConfigurationList section */
	};
	rootObject = E809159229C82F160027AFC6 /* Project object */;
}
